
Microsoft Visual Studio Solution File, Format Version 12.00
# Visual Studio Version 17
VisualStudioVersion = 17.0.31903.59
MinimumVisualStudioVersion = 10.0.40219.1
Project("{FAE04EC0-301F-11D3-BF4B-00C04F79EFBC}") = "BymlLibrary", "BymlLibrary\BymlLibrary.csproj", "{4AB1B0D8-C94B-43EE-B070-D444E866725A}"
EndProject
Project("{FAE04EC0-301F-11D3-BF4B-00C04F79EFBC}") = "BymlLibrary.Runner", "BymlLibrary.Runner\BymlLibrary.Runner.csproj", "{653C247C-19DA-4CF5-876C-255AA3F5C0FD}"
EndProject
Project("{2150E333-8FDC-42A3-9474-1A3956D46DE8}") = "Tests", "Tests", "{544C1D0A-8475-4D86-9D3B-E769525831F7}"
EndProject
Project("{FAE04EC0-301F-11D3-BF4B-00C04F79EFBC}") = "BymlLibrary.Tests", "Tests\BymlLibrary.Tests\BymlLibrary.Tests.csproj", "{776FBB34-46F9-4263-8A85-1828928C3E24}"
EndProject
Global
	GlobalSection(SolutionConfigurationPlatforms) = preSolution
		Debug|Any CPU = Debug|Any CPU
		Release|Any CPU = Release|Any CPU
	EndGlobalSection
	GlobalSection(SolutionProperties) = preSolution
		HideSolutionNode = FALSE
	EndGlobalSection
	GlobalSection(ProjectConfigurationPlatforms) = postSolution
		{4AB1B0D8-C94B-43EE-B070-D444E866725A}.Debug|Any CPU.ActiveCfg = Debug|Any CPU
		{4AB1B0D8-C94B-43EE-B070-D444E866725A}.Debug|Any CPU.Build.0 = Debug|Any CPU
		{4AB1B0D8-C94B-43EE-B070-D444E866725A}.Release|Any CPU.ActiveCfg = Release|Any CPU
		{4AB1B0D8-C94B-43EE-B070-D444E866725A}.Release|Any CPU.Build.0 = Release|Any CPU
		{653C247C-19DA-4CF5-876C-255AA3F5C0FD}.Debug|Any CPU.ActiveCfg = Debug|Any CPU
		{653C247C-19DA-4CF5-876C-255AA3F5C0FD}.Debug|Any CPU.Build.0 = Debug|Any CPU
		{653C247C-19DA-4CF5-876C-255AA3F5C0FD}.Release|Any CPU.ActiveCfg = Release|Any CPU
		{653C247C-19DA-4CF5-876C-255AA3F5C0FD}.Release|Any CPU.Build.0 = Release|Any CPU
		{776FBB34-46F9-4263-8A85-1828928C3E24}.Debug|Any CPU.ActiveCfg = Debug|Any CPU
		{776FBB34-46F9-4263-8A85-1828928C3E24}.Debug|Any CPU.Build.0 = Debug|Any CPU
		{776FBB34-46F9-4263-8A85-1828928C3E24}.Release|Any CPU.ActiveCfg = Release|Any CPU
		{776FBB34-46F9-4263-8A85-1828928C3E24}.Release|Any CPU.Build.0 = Release|Any CPU
	EndGlobalSection
	GlobalSection(NestedProjects) = preSolution
		{776FBB34-46F9-4263-8A85-1828928C3E24} = {544C1D0A-8475-4D86-9D3B-E769525831F7}
	EndGlobalSection
EndGlobal
